
Microsoft Visual Studio Solution File, Format Version 12.00
# Visual Studio Version 17
VisualStudioVersion = 17.6.33829.357
MinimumVisualStudioVersion = 10.0.40219.1
Project("{FAE04EC0-301F-11D3-BF4B-00C04F79EFBC}") = "PracticaFinalFranciscoSalazar", "PracticaFinalFranciscoSalazar\PracticaFinalFranciscoSalazar.csproj", "{B9EED49D-A39D-41CF-A0B8-F6854216C820}"
EndProject
Global
	GlobalSection(SolutionConfigurationPlatforms) = preSolution
		Debug|Any CPU = Debug|Any CPU
		Release|Any CPU = Release|Any CPU
	EndGlobalSection
	GlobalSection(ProjectConfigurationPlatforms) = postSolution
		{B9EED49D-A39D-41CF-A0B8-F6854216C820}.Debug|Any CPU.ActiveCfg = Debug|Any CPU
		{B9EED49D-A39D-41CF-A0B8-F6854216C820}.Debug|Any CPU.Build.0 = Debug|Any CPU
		{B9EED49D-A39D-41CF-A0B8-F6854216C820}.Release|Any CPU.ActiveCfg = Release|Any CPU
		{B9EED49D-A39D-41CF-A0B8-F6854216C820}.Release|Any CPU.Build.0 = Release|Any CPU
	EndGlobalSection
	GlobalSection(SolutionProperties) = preSolution
		HideSolutionNode = FALSE
	EndGlobalSection
	GlobalSection(ExtensibilityGlobals) = postSolution
		SolutionGuid = {DA0695D3-97D6-41D8-BB07-D44194E0136C}
	EndGlobalSection
EndGlobal
